version = 1
requires-python = ">=3.12"

[[package]]
name = "isodd"
version = "0.1.2"
source = { registry = "https://pypi.org/simple" }
sdist = { url = "https://files.pythonhosted.org/packages/dc/7a/71662dc743b791eb6ec7ffff7b482fe0f3d736868662829dee1642364b6d/isOdd-0.1.2.tar.gz", hash = "sha256:99c0ef564aac474091d9146b36327ec45fbe80f741c90751d41eeb1eb63a487e", size = 1669 }

[[package]]
name = "mypkg"
version = "1.42.2"
source = { virtual = "." }
dependencies = [
    { name = "six" },
]

[package.dev-dependencies]
dev = [
    { name = "isodd" },
]

[package.metadata]
requires-dist = [{ name = "six", specifier = ">=1.14,<1.15" }]

[package.metadata.requires-dev]
dev = [{ name = "isodd", specifier = "==0.1.2" }]

[[package]]
name = "six"
version = "1.14.0"
source = { registry = "https://pypi.org/simple" }
sdist = { url = "https://files.pythonhosted.org/packages/21/9f/b251f7f8a76dec1d6651be194dfba8fb8d7781d10ab3987190de8391d08e/six-1.14.0.tar.gz", hash = "sha256:236bdbdce46e6e6a3d61a337c0f8b763ca1e8717c03b369e87a7ec7ce1319c0a", size = 33857 }
wheels = [
    { url = "https://files.pythonhosted.org/packages/65/eb/1f97cb97bfc2390a276969c6fae16075da282f5058082d4cb10c6c5c1dba/six-1.14.0-py2.py3-none-any.whl", hash = "sha256:8f3cd2e254d8f793e7f3d6d9df77b92252b52637291d0f0da013c76ea2724b6c", size = 10938 },
]
